
Microsoft Visual Studio Solution File, Format Version 12.00
# Visual Studio Version 17
VisualStudioVersion = 17.7.34031.279
MinimumVisualStudioVersion = 10.0.40219.1
Project("{FAE04EC0-301F-11D3-BF4B-00C04F79EFBC}") = "TelusEarningsCalculator", "TelusEarningsCalculator\TelusEarningsCalculator.csproj", "{ABBA6013-0CC4-42BD-AA4C-8128F77BD4C7}"
EndProject
Global
	GlobalSection(SolutionConfigurationPlatforms) = preSolution
		Debug|Any CPU = Debug|Any CPU
		Release|Any CPU = Release|Any CPU
	EndGlobalSection
	GlobalSection(ProjectConfigurationPlatforms) = postSolution
		{ABBA6013-0CC4-42BD-AA4C-8128F77BD4C7}.Debug|Any CPU.ActiveCfg = Debug|Any CPU
		{ABBA6013-0CC4-42BD-AA4C-8128F77BD4C7}.Debug|Any CPU.Build.0 = Debug|Any CPU
		{ABBA6013-0CC4-42BD-AA4C-8128F77BD4C7}.Release|Any CPU.ActiveCfg = Release|Any CPU
		{ABBA6013-0CC4-42BD-AA4C-8128F77BD4C7}.Release|Any CPU.Build.0 = Release|Any CPU
	EndGlobalSection
	GlobalSection(SolutionProperties) = preSolution
		HideSolutionNode = FALSE
	EndGlobalSection
	GlobalSection(ExtensibilityGlobals) = postSolution
		SolutionGuid = {87776725-08FA-4E66-AA70-854AC7185CF0}
	EndGlobalSection
EndGlobal
